
Microsoft Visual Studio Solution File, Format Version 12.00
# Visual Studio Version 17
VisualStudioVersion = 17.3.32901.215
MinimumVisualStudioVersion = 10.0.40219.1
Project("{FAE04EC0-301F-11D3-BF4B-00C04F79EFBC}") = "game", "game\game.csproj", "{DE673BE1-03A2-457A-9198-BC328D647E6D}"
EndProject
Global
	GlobalSection(SolutionConfigurationPlatforms) = preSolution
		Debug|Any CPU = Debug|Any CPU
		Release|Any CPU = Release|Any CPU
	EndGlobalSection
	GlobalSection(ProjectConfigurationPlatforms) = postSolution
		{DE673BE1-03A2-457A-9198-BC328D647E6D}.Debug|Any CPU.ActiveCfg = Debug|Any CPU
		{DE673BE1-03A2-457A-9198-BC328D647E6D}.Debug|Any CPU.Build.0 = Debug|Any CPU
		{DE673BE1-03A2-457A-9198-BC328D647E6D}.Release|Any CPU.ActiveCfg = Release|Any CPU
		{DE673BE1-03A2-457A-9198-BC328D647E6D}.Release|Any CPU.Build.0 = Release|Any CPU
	EndGlobalSection
	GlobalSection(SolutionProperties) = preSolution
		HideSolutionNode = FALSE
	EndGlobalSection
	GlobalSection(ExtensibilityGlobals) = postSolution
		SolutionGuid = {23B8CFBE-522A-4012-9F3A-C169AFCE2D06}
	EndGlobalSection
EndGlobal
